
Microsoft Visual Studio Solution File, Format Version 12.00
# Visual Studio Version 17
VisualStudioVersion = 17.0.32112.339
MinimumVisualStudioVersion = 10.0.40219.1
Project("{FAE04EC0-301F-11D3-BF4B-00C04F79EFBC}") = "Hangman", "Hangman\Hangman.csproj", "{A38C6437-3AC7-4CF7-A1FE-B285C350774E}"
EndProject
Global
	GlobalSection(SolutionConfigurationPlatforms) = preSolution
		Debug|Any CPU = Debug|Any CPU
		Release|Any CPU = Release|Any CPU
	EndGlobalSection
	GlobalSection(ProjectConfigurationPlatforms) = postSolution
		{A38C6437-3AC7-4CF7-A1FE-B285C350774E}.Debug|Any CPU.ActiveCfg = Debug|Any CPU
		{A38C6437-3AC7-4CF7-A1FE-B285C350774E}.Debug|Any CPU.Build.0 = Debug|Any CPU
		{A38C6437-3AC7-4CF7-A1FE-B285C350774E}.Release|Any CPU.ActiveCfg = Release|Any CPU
		{A38C6437-3AC7-4CF7-A1FE-B285C350774E}.Release|Any CPU.Build.0 = Release|Any CPU
	EndGlobalSection
	GlobalSection(SolutionProperties) = preSolution
		HideSolutionNode = FALSE
	EndGlobalSection
	GlobalSection(ExtensibilityGlobals) = postSolution
		SolutionGuid = {88CEC957-33FB-409C-8E41-4A0F1D5ECDDE}
	EndGlobalSection
EndGlobal
